
Microsoft Visual Studio Solution File, Format Version 12.00
# Visual Studio Version 16
VisualStudioVersion = 16.0.29911.84
MinimumVisualStudioVersion = 10.0.40219.1
Project("{FAE04EC0-301F-11D3-BF4B-00C04F79EFBC}") = "APBD_cw1", "APBD_cw1\APBD_cw1.csproj", "{10FFDD44-06F7-45C3-BE26-3B6AEC81BD6E}"
EndProject
Global
	GlobalSection(SolutionConfigurationPlatforms) = preSolution
		Debug|Any CPU = Debug|Any CPU
		Release|Any CPU = Release|Any CPU
	EndGlobalSection
	GlobalSection(ProjectConfigurationPlatforms) = postSolution
		{10FFDD44-06F7-45C3-BE26-3B6AEC81BD6E}.Debug|Any CPU.ActiveCfg = Debug|Any CPU
		{10FFDD44-06F7-45C3-BE26-3B6AEC81BD6E}.Debug|Any CPU.Build.0 = Debug|Any CPU
		{10FFDD44-06F7-45C3-BE26-3B6AEC81BD6E}.Release|Any CPU.ActiveCfg = Release|Any CPU
		{10FFDD44-06F7-45C3-BE26-3B6AEC81BD6E}.Release|Any CPU.Build.0 = Release|Any CPU
	EndGlobalSection
	GlobalSection(SolutionProperties) = preSolution
		HideSolutionNode = FALSE
	EndGlobalSection
	GlobalSection(ExtensibilityGlobals) = postSolution
		SolutionGuid = {CA07D917-02D4-4AF0-B21F-090A146638C3}
	EndGlobalSection
EndGlobal
